// !$*UTF8*$!
{
	archiveVersion = 1;
	classes = {
	};
	objectVersion = 55;
	objects = {

/* Begin PBXBuildFile section */
		5E7A30882707330300A1BA84 /* CView.swift in Sources */ = {isa = PBXBuildFile; fileRef = 5E7A30872707330300A1BA84 /* CView.swift */; };
		5E7A308A2707334100A1BA84 /* CPresenter.swift in Sources */ = {isa = PBXBuildFile; fileRef = 5E7A30892707334100A1BA84 /* CPresenter.swift */; };
		5E7A308C2707337A00A1BA84 /* CViewModel.swift in Sources */ = {isa = PBXBuildFile; fileRef = 5E7A308B2707337A00A1BA84 /* CViewModel.swift */; };
		5E7A308E27073DBF00A1BA84 /* BCoordinator.swift in Sources */ = {isa = PBXBuildFile; fileRef = 5E7A308D27073DBF00A1BA84 /* BCoordinator.swift */; };
		5E7A30902707533400A1BA84 /* CCoordinator.swift in Sources */ = {isa = PBXBuildFile; fileRef = 5E7A308F2707533400A1BA84 /* CCoordinator.swift */; };
		5E7A3092270757A300A1BA84 /* NavigationUtil.swift in Sources */ = {isa = PBXBuildFile; fileRef = 5E7A3091270757A300A1BA84 /* NavigationUtil.swift */; };
		5E7A309727075ED500A1BA84 /* DView.swift in Sources */ = {isa = PBXBuildFile; fileRef = 5E7A309627075ED500A1BA84 /* DView.swift */; };
		5E7A3099270761F500A1BA84 /* DCoordinator.swift in Sources */ = {isa = PBXBuildFile; fileRef = 5E7A3098270761F500A1BA84 /* DCoordinator.swift */; };
		5E7A309B2707AC5900A1BA84 /* DViewModel.swift in Sources */ = {isa = PBXBuildFile; fileRef = 5E7A309A2707AC5900A1BA84 /* DViewModel.swift */; };
		5E7A309D2707ACCE00A1BA84 /* DPresenter.swift in Sources */ = {isa = PBXBuildFile; fileRef = 5E7A309C2707ACCE00A1BA84 /* DPresenter.swift */; };
		5E98E30C270079BF0051628A /* Coordinators_SwiftUIApp.swift in Sources */ = {isa = PBXBuildFile; fileRef = 5E98E30B270079BF0051628A /* Coordinators_SwiftUIApp.swift */; };
		5E98E310270079C30051628A /* Assets.xcassets in Resources */ = {isa = PBXBuildFile; fileRef = 5E98E30F270079C30051628A /* Assets.xcassets */; };
		5E98E313270079C30051628A /* Preview Assets.xcassets in Resources */ = {isa = PBXBuildFile; fileRef = 5E98E312270079C30051628A /* Preview Assets.xcassets */; };
		5E98E31C27007E600051628A /* AView.swift in Sources */ = {isa = PBXBuildFile; fileRef = 5E98E31B27007E600051628A /* AView.swift */; };
		5E98E31E27007EB70051628A /* AViewModel.swift in Sources */ = {isa = PBXBuildFile; fileRef = 5E98E31D27007EB70051628A /* AViewModel.swift */; };
		5E98E32127007FCC0051628A /* APresenter.swift in Sources */ = {isa = PBXBuildFile; fileRef = 5E98E32027007FCC0051628A /* APresenter.swift */; };
		5E98E32627008CFB0051628A /* ACoordinator.swift in Sources */ = {isa = PBXBuildFile; fileRef = 5E98E32527008CFB0051628A /* ACoordinator.swift */; };
		5E98E3292701B6850051628A /* BView.swift in Sources */ = {isa = PBXBuildFile; fileRef = 5E98E3282701B6850051628A /* BView.swift */; };
		5E98E330270221E90051628A /* AppCoordinator.swift in Sources */ = {isa = PBXBuildFile; fileRef = 5E98E32F270221E90051628A /* AppCoordinator.swift */; };
		5ED2E25827037EBD0079836C /* BPresenter.swift in Sources */ = {isa = PBXBuildFile; fileRef = 5ED2E25727037EBD0079836C /* BPresenter.swift */; };
		5ED2E25A27037F930079836C /* BViewModel.swift in Sources */ = {isa = PBXBuildFile; fileRef = 5ED2E25927037F930079836C /* BViewModel.swift */; };
		5ED2E25D2704EB320079836C /* Coordinator.swift in Sources */ = {isa = PBXBuildFile; fileRef = 5ED2E25C2704EB320079836C /* Coordinator.swift */; };
/* End PBXBuildFile section */

/* Begin PBXFileReference section */
		5E7A30872707330300A1BA84 /* CView.swift */ = {isa = PBXFileReference; lastKnownFileType = sourcecode.swift; path = CView.swift; sourceTree = "<group>"; };
		5E7A30892707334100A1BA84 /* CPresenter.swift */ = {isa = PBXFileReference; lastKnownFileType = sourcecode.swift; path = CPresenter.swift; sourceTree = "<group>"; };
		5E7A308B2707337A00A1BA84 /* CViewModel.swift */ = {isa = PBXFileReference; lastKnownFileType = sourcecode.swift; path = CViewModel.swift; sourceTree = "<group>"; };
		5E7A308D27073DBF00A1BA84 /* BCoordinator.swift */ = {isa = PBXFileReference; lastKnownFileType = sourcecode.swift; path = BCoordinator.swift; sourceTree = "<group>"; };
		5E7A308F2707533400A1BA84 /* CCoordinator.swift */ = {isa = PBXFileReference; lastKnownFileType = sourcecode.swift; path = CCoordinator.swift; sourceTree = "<group>"; };
		5E7A3091270757A300A1BA84 /* NavigationUtil.swift */ = {isa = PBXFileReference; lastKnownFileType = sourcecode.swift; path = NavigationUtil.swift; sourceTree = "<group>"; };
		5E7A309627075ED500A1BA84 /* DView.swift */ = {isa = PBXFileReference; lastKnownFileType = sourcecode.swift; path = DView.swift; sourceTree = "<group>"; };
		5E7A3098270761F500A1BA84 /* DCoordinator.swift */ = {isa = PBXFileReference; lastKnownFileType = sourcecode.swift; path = DCoordinator.swift; sourceTree = "<group>"; };
		5E7A309A2707AC5900A1BA84 /* DViewModel.swift */ = {isa = PBXFileReference; lastKnownFileType = sourcecode.swift; path = DViewModel.swift; sourceTree = "<group>"; };
		5E7A309C2707ACCE00A1BA84 /* DPresenter.swift */ = {isa = PBXFileReference; lastKnownFileType = sourcecode.swift; path = DPresenter.swift; sourceTree = "<group>"; };
		5E98E308270079BF0051628A /* Coordinators-SwiftUI.app */ = {isa = PBXFileReference; explicitFileType = wrapper.application; includeInIndex = 0; path = "Coordinators-SwiftUI.app"; sourceTree = BUILT_PRODUCTS_DIR; };
		5E98E30B270079BF0051628A /* Coordinators_SwiftUIApp.swift */ = {isa = PBXFileReference; lastKnownFileType = sourcecode.swift; path = Coordinators_SwiftUIApp.swift; sourceTree = "<group>"; };
		5E98E30F270079C30051628A /* Assets.xcassets */ = {isa = PBXFileReference; lastKnownFileType = folder.assetcatalog; path = Assets.xcassets; sourceTree = "<group>"; };
		5E98E312270079C30051628A /* Preview Assets.xcassets */ = {isa = PBXFileReference; lastKnownFileType = folder.assetcatalog; path = "Preview Assets.xcassets"; sourceTree = "<group>"; };
		5E98E31B27007E600051628A /* AView.swift */ = {isa = PBXFileReference; lastKnownFileType = sourcecode.swift; path = AView.swift; sourceTree = "<group>"; };
		5E98E31D27007EB70051628A /* AViewModel.swift */ = {isa = PBXFileReference; lastKnownFileType = sourcecode.swift; path = AViewModel.swift; sourceTree = "<group>"; };
		5E98E32027007FCC0051628A /* APresenter.swift */ = {isa = PBXFileReference; lastKnownFileType = sourcecode.swift; path = APresenter.swift; sourceTree = "<group>"; };
		5E98E32527008CFB0051628A /* ACoordinator.swift */ = {isa = PBXFileReference; lastKnownFileType = sourcecode.swift; path = ACoordinator.swift; sourceTree = "<group>"; };
		5E98E3282701B6850051628A /* BView.swift */ = {isa = PBXFileReference; lastKnownFileType = sourcecode.swift; path = BView.swift; sourceTree = "<group>"; };
		5E98E32F270221E90051628A /* AppCoordinator.swift */ = {isa = PBXFileReference; lastKnownFileType = sourcecode.swift; path = AppCoordinator.swift; sourceTree = "<group>"; };
		5ED2E25727037EBD0079836C /* BPresenter.swift */ = {isa = PBXFileReference; lastKnownFileType = sourcecode.swift; path = BPresenter.swift; sourceTree = "<group>"; };
		5ED2E25927037F930079836C /* BViewModel.swift */ = {isa = PBXFileReference; lastKnownFileType = sourcecode.swift; path = BViewModel.swift; sourceTree = "<group>"; };
		5ED2E25C2704EB320079836C /* Coordinator.swift */ = {isa = PBXFileReference; lastKnownFileType = sourcecode.swift; path = Coordinator.swift; sourceTree = "<group>"; };
/* End PBXFileReference section */

/* Begin PBXFrameworksBuildPhase section */
		5E98E305270079BF0051628A /* Frameworks */ = {
			isa = PBXFrameworksBuildPhase;
			buildActionMask = 2147483647;
			files = (
			);
			runOnlyForDeploymentPostprocessing = 0;
		};
/* End PBXFrameworksBuildPhase section */

/* Begin PBXGroup section */
		5E7A30852707328600A1BA84 /* CView */ = {
			isa = PBXGroup;
			children = (
				5E7A30872707330300A1BA84 /* CView.swift */,
				5E7A30892707334100A1BA84 /* CPresenter.swift */,
				5E7A308B2707337A00A1BA84 /* CViewModel.swift */,
				5E7A308F2707533400A1BA84 /* CCoordinator.swift */,
			);
			path = CView;
			sourceTree = "<group>";
		};
		5E7A309527075BDB00A1BA84 /* DView */ = {
			isa = PBXGroup;
			children = (
				5E7A309627075ED500A1BA84 /* DView.swift */,
				5E7A309A2707AC5900A1BA84 /* DViewModel.swift */,
				5E7A309C2707ACCE00A1BA84 /* DPresenter.swift */,
				5E7A3098270761F500A1BA84 /* DCoordinator.swift */,
			);
			path = DView;
			sourceTree = "<group>";
		};
		5E98E2FF270079BE0051628A = {
			isa = PBXGroup;
			children = (
				5E98E30A270079BF0051628A /* Coordinators-SwiftUI */,
				5E98E309270079BF0051628A /* Products */,
			);
			sourceTree = "<group>";
		};
		5E98E309270079BF0051628A /* Products */ = {
			isa = PBXGroup;
			children = (
				5E98E308270079BF0051628A /* Coordinators-SwiftUI.app */,
			);
			name = Products;
			sourceTree = "<group>";
		};
		5E98E30A270079BF0051628A /* Coordinators-SwiftUI */ = {
			isa = PBXGroup;
			children = (
				5ED2E25B2704EB1D0079836C /* Base */,
				5E98E31927007E2B0051628A /* T1Flow */,
				5E98E30B270079BF0051628A /* Coordinators_SwiftUIApp.swift */,
				5E98E32F270221E90051628A /* AppCoordinator.swift */,
				5E98E30F270079C30051628A /* Assets.xcassets */,
				5E98E311270079C30051628A /* Preview Content */,
			);
			path = "Coordinators-SwiftUI";
			sourceTree = "<group>";
		};
		5E98E311270079C30051628A /* Preview Content */ = {
			isa = PBXGroup;
			children = (
				5E98E312270079C30051628A /* Preview Assets.xcassets */,
			);
			path = "Preview Content";
			sourceTree = "<group>";
		};
		5E98E31927007E2B0051628A /* T1Flow */ = {
			isa = PBXGroup;
			children = (
				5E7A309527075BDB00A1BA84 /* DView */,
				5E7A30852707328600A1BA84 /* CView */,
				5E98E3272701B6700051628A /* BView */,
				5E98E31F27007EF40051628A /* AView */,
			);
			path = T1Flow;
			sourceTree = "<group>";
		};
		5E98E31F27007EF40051628A /* AView */ = {
			isa = PBXGroup;
			children = (
				5E98E31B27007E600051628A /* AView.swift */,
				5E98E31D27007EB70051628A /* AViewModel.swift */,
				5E98E32027007FCC0051628A /* APresenter.swift */,
				5E98E32527008CFB0051628A /* ACoordinator.swift */,
			);
			path = AView;
			sourceTree = "<group>";
		};
		5E98E3272701B6700051628A /* BView */ = {
			isa = PBXGroup;
			children = (
				5E98E3282701B6850051628A /* BView.swift */,
				5ED2E25727037EBD0079836C /* BPresenter.swift */,
				5ED2E25927037F930079836C /* BViewModel.swift */,
				5E7A308D27073DBF00A1BA84 /* BCoordinator.swift */,
			);
			path = BView;
			sourceTree = "<group>";
		};
		5ED2E25B2704EB1D0079836C /* Base */ = {
			isa = PBXGroup;
			children = (
				5ED2E25C2704EB320079836C /* Coordinator.swift */,
				5E7A3091270757A300A1BA84 /* NavigationUtil.swift */,
			);
			path = Base;
			sourceTree = "<group>";
		};
/* End PBXGroup section */

/* Begin PBXNativeTarget section */
		5E98E307270079BF0051628A /* Coordinators-SwiftUI */ = {
			isa = PBXNativeTarget;
			buildConfigurationList = 5E98E316270079C30051628A /* Build configuration list for PBXNativeTarget "Coordinators-SwiftUI" */;
			buildPhases = (
				5E98E304270079BF0051628A /* Sources */,
				5E98E305270079BF0051628A /* Frameworks */,
				5E98E306270079BF0051628A /* Resources */,
			);
			buildRules = (
			);
			dependencies = (
			);
			name = "Coordinators-SwiftUI";
			productName = "Coordinators-SwiftUI";
			productReference = 5E98E308270079BF0051628A /* Coordinators-SwiftUI.app */;
			productType = "com.apple.product-type.application";
		};
/* End PBXNativeTarget section */

/* Begin PBXProject section */
		5E98E300270079BE0051628A /* Project object */ = {
			isa = PBXProject;
			attributes = {
				BuildIndependentTargetsInParallel = 1;
				LastSwiftUpdateCheck = 1300;
				LastUpgradeCheck = 1300;
				TargetAttributes = {
					5E98E307270079BF0051628A = {
						CreatedOnToolsVersion = 13.0;
					};
				};
			};
			buildConfigurationList = 5E98E303270079BE0051628A /* Build configuration list for PBXProject "Coordinators-SwiftUI" */;
			compatibilityVersion = "Xcode 13.0";
			developmentRegion = en;
			hasScannedForEncodings = 0;
			knownRegions = (
				en,
				Base,
			);
			mainGroup = 5E98E2FF270079BE0051628A;
			productRefGroup = 5E98E309270079BF0051628A /* Products */;
			projectDirPath = "";
			projectRoot = "";
			targets = (
				5E98E307270079BF0051628A /* Coordinators-SwiftUI */,
			);
		};
/* End PBXProject section */

/* Begin PBXResourcesBuildPhase section */
		5E98E306270079BF0051628A /* Resources */ = {
			isa = PBXResourcesBuildPhase;
			buildActionMask = 2147483647;
			files = (
				5E98E313270079C30051628A /* Preview Assets.xcassets in Resources */,
				5E98E310270079C30051628A /* Assets.xcassets in Resources */,
			);
			runOnlyForDeploymentPostprocessing = 0;
		};
/* End PBXResourcesBuildPhase section */

/* Begin PBXSourcesBuildPhase section */
		5E98E304270079BF0051628A /* Sources */ = {
			isa = PBXSourcesBuildPhase;
			buildActionMask = 2147483647;
			files = (
				5E98E31E27007EB70051628A /* AViewModel.swift in Sources */,
				5E98E330270221E90051628A /* AppCoordinator.swift in Sources */,
				5E7A30882707330300A1BA84 /* CView.swift in Sources */,
				5ED2E25D2704EB320079836C /* Coordinator.swift in Sources */,
				5ED2E25827037EBD0079836C /* BPresenter.swift in Sources */,
				5E7A309727075ED500A1BA84 /* DView.swift in Sources */,
				5ED2E25A27037F930079836C /* BViewModel.swift in Sources */,
				5E7A309D2707ACCE00A1BA84 /* DPresenter.swift in Sources */,
				5E7A30902707533400A1BA84 /* CCoordinator.swift in Sources */,
				5E7A308A2707334100A1BA84 /* CPresenter.swift in Sources */,
				5E98E3292701B6850051628A /* BView.swift in Sources */,
				5E7A308C2707337A00A1BA84 /* CViewModel.swift in Sources */,
				5E98E31C27007E600051628A /* AView.swift in Sources */,
				5E7A309B2707AC5900A1BA84 /* DViewModel.swift in Sources */,
				5E98E32127007FCC0051628A /* APresenter.swift in Sources */,
				5E98E32627008CFB0051628A /* ACoordinator.swift in Sources */,
				5E7A3092270757A300A1BA84 /* NavigationUtil.swift in Sources */,
				5E98E30C270079BF0051628A /* Coordinators_SwiftUIApp.swift in Sources */,
				5E7A308E27073DBF00A1BA84 /* BCoordinator.swift in Sources */,
				5E7A3099270761F500A1BA84 /* DCoordinator.swift in Sources */,
			);
			runOnlyForDeploymentPostprocessing = 0;
		};
/* End PBXSourcesBuildPhase section */

/* Begin XCBuildConfiguration section */
		5E98E314270079C30051628A /* Debug */ = {
			isa = XCBuildConfiguration;
			buildSettings = {
				ALWAYS_SEARCH_USER_PATHS = NO;
				CLANG_ANALYZER_NONNULL = YES;
				CLANG_ANALYZER_NUMBER_OBJECT_CONVERSION = YES_AGGRESSIVE;
				CLANG_CXX_LANGUAGE_STANDARD = "gnu++17";
				CLANG_CXX_LIBRARY = "libc++";
				CLANG_ENABLE_MODULES = YES;
				CLANG_ENABLE_OBJC_ARC = YES;
				CLANG_ENABLE_OBJC_WEAK = YES;
				CLANG_WARN_BLOCK_CAPTURE_AUTORELEASING = YES;
				CLANG_WARN_BOOL_CONVERSION = YES;
				CLANG_WARN_COMMA = YES;
				CLANG_WARN_CONSTANT_CONVERSION = YES;
				CLANG_WARN_DEPRECATED_OBJC_IMPLEMENTATIONS = YES;
				CLANG_WARN_DIRECT_OBJC_ISA_USAGE = YES_ERROR;
				CLANG_WARN_DOCUMENTATION_COMMENTS = YES;
				CLANG_WARN_EMPTY_BODY = YES;
				CLANG_WARN_ENUM_CONVERSION = YES;
				CLANG_WARN_INFINITE_RECURSION = YES;
				CLANG_WARN_INT_CONVERSION = YES;
				CLANG_WARN_NON_LITERAL_NULL_CONVERSION = YES;
				CLANG_WARN_OBJC_IMPLICIT_RETAIN_SELF = YES;
				CLANG_WARN_OBJC_LITERAL_CONVERSION = YES;
				CLANG_WARN_OBJC_ROOT_CLASS = YES_ERROR;
				CLANG_WARN_QUOTED_INCLUDE_IN_FRAMEWORK_HEADER = YES;
				CLANG_WARN_RANGE_LOOP_ANALYSIS = YES;
				CLANG_WARN_STRICT_PROTOTYPES = YES;
				CLANG_WARN_SUSPICIOUS_MOVE = YES;
				CLANG_WARN_UNGUARDED_AVAILABILITY = YES_AGGRESSIVE;
				CLANG_WARN_UNREACHABLE_CODE = YES;
				CLANG_WARN__DUPLICATE_METHOD_MATCH = YES;
				COPY_PHASE_STRIP = NO;
				DEBUG_INFORMATION_FORMAT = dwarf;
				ENABLE_STRICT_OBJC_MSGSEND = YES;
				ENABLE_TESTABILITY = YES;
				GCC_C_LANGUAGE_STANDARD = gnu11;
				GCC_DYNAMIC_NO_PIC = NO;
				GCC_NO_COMMON_BLOCKS = YES;
				GCC_OPTIMIZATION_LEVEL = 0;
				GCC_PREPROCESSOR_DEFINITIONS = (
					"DEBUG=1",
					"$(inherited)",
				);
				GCC_WARN_64_TO_32_BIT_CONVERSION = YES;
				GCC_WARN_ABOUT_RETURN_TYPE = YES_ERROR;
				GCC_WARN_UNDECLARED_SELECTOR = YES;
				GCC_WARN_UNINITIALIZED_AUTOS = YES_AGGRESSIVE;
				GCC_WARN_UNUSED_FUNCTION = YES;
				GCC_WARN_UNUSED_VARIABLE = YES;
				IPHONEOS_DEPLOYMENT_TARGET = 15.0;
				MTL_ENABLE_DEBUG_INFO = INCLUDE_SOURCE;
				MTL_FAST_MATH = YES;
				ONLY_ACTIVE_ARCH = YES;
				SDKROOT = iphoneos;
				SWIFT_ACTIVE_COMPILATION_CONDITIONS = DEBUG;
				SWIFT_OPTIMIZATION_LEVEL = "-Onone";
			};
			name = Debug;
		};
		5E98E315270079C30051628A /* Release */ = {
			isa = XCBuildConfiguration;
			buildSettings = {
				ALWAYS_SEARCH_USER_PATHS = NO;
				CLANG_ANALYZER_NONNULL = YES;
				CLANG_ANALYZER_NUMBER_OBJECT_CONVERSION = YES_AGGRESSIVE;
				CLANG_CXX_LANGUAGE_STANDARD = "gnu++17";
				CLANG_CXX_LIBRARY = "libc++";
				CLANG_ENABLE_MODULES = YES;
				CLANG_ENABLE_OBJC_ARC = YES;
				CLANG_ENABLE_OBJC_WEAK = YES;
				CLANG_WARN_BLOCK_CAPTURE_AUTORELEASING = YES;
				CLANG_WARN_BOOL_CONVERSION = YES;
				CLANG_WARN_COMMA = YES;
				CLANG_WARN_CONSTANT_CONVERSION = YES;
				CLANG_WARN_DEPRECATED_OBJC_IMPLEMENTATIONS = YES;
				CLANG_WARN_DIRECT_OBJC_ISA_USAGE = YES_ERROR;
				CLANG_WARN_DOCUMENTATION_COMMENTS = YES;
				CLANG_WARN_EMPTY_BODY = YES;
				CLANG_WARN_ENUM_CONVERSION = YES;
				CLANG_WARN_INFINITE_RECURSION = YES;
				CLANG_WARN_INT_CONVERSION = YES;
				CLANG_WARN_NON_LITERAL_NULL_CONVERSION = YES;
				CLANG_WARN_OBJC_IMPLICIT_RETAIN_SELF = YES;
				CLANG_WARN_OBJC_LITERAL_CONVERSION = YES;
				CLANG_WARN_OBJC_ROOT_CLASS = YES_ERROR;
				CLANG_WARN_QUOTED_INCLUDE_IN_FRAMEWORK_HEADER = YES;
				CLANG_WARN_RANGE_LOOP_ANALYSIS = YES;
				CLANG_WARN_STRICT_PROTOTYPES = YES;
				CLANG_WARN_SUSPICIOUS_MOVE = YES;
				CLANG_WARN_UNGUARDED_AVAILABILITY = YES_AGGRESSIVE;
				CLANG_WARN_UNREACHABLE_CODE = YES;
				CLANG_WARN__DUPLICATE_METHOD_MATCH = YES;
				COPY_PHASE_STRIP = NO;
				DEBUG_INFORMATION_FORMAT = "dwarf-with-dsym";
				ENABLE_NS_ASSERTIONS = NO;
				ENABLE_STRICT_OBJC_MSGSEND = YES;
				GCC_C_LANGUAGE_STANDARD = gnu11;
				GCC_NO_COMMON_BLOCKS = YES;
				GCC_WARN_64_TO_32_BIT_CONVERSION = YES;
				GCC_WARN_ABOUT_RETURN_TYPE = YES_ERROR;
				GCC_WARN_UNDECLARED_SELECTOR = YES;
				GCC_WARN_UNINITIALIZED_AUTOS = YES_AGGRESSIVE;
				GCC_WARN_UNUSED_FUNCTION = YES;
				GCC_WARN_UNUSED_VARIABLE = YES;
				IPHONEOS_DEPLOYMENT_TARGET = 15.0;
				MTL_ENABLE_DEBUG_INFO = NO;
				MTL_FAST_MATH = YES;
				SDKROOT = iphoneos;
				SWIFT_COMPILATION_MODE = wholemodule;
				SWIFT_OPTIMIZATION_LEVEL = "-O";
				VALIDATE_PRODUCT = YES;
			};
			name = Release;
		};
		5E98E317270079C30051628A /* Debug */ = {
			isa = XCBuildConfiguration;
			buildSettings = {
				ASSETCATALOG_COMPILER_APPICON_NAME = AppIcon;
				ASSETCATALOG_COMPILER_GLOBAL_ACCENT_COLOR_NAME = AccentColor;
				CODE_SIGN_STYLE = Automatic;
				CURRENT_PROJECT_VERSION = 1;
				DEVELOPMENT_ASSET_PATHS = "\"Coordinators-SwiftUI/Preview Content\"";
				DEVELOPMENT_TEAM = 7ZPDPWR8XU;
				ENABLE_PREVIEWS = YES;
				GENERATE_INFOPLIST_FILE = YES;
				INFOPLIST_KEY_UIApplicationSceneManifest_Generation = YES;
				INFOPLIST_KEY_UIApplicationSupportsIndirectInputEvents = YES;
				INFOPLIST_KEY_UILaunchScreen_Generation = YES;
				INFOPLIST_KEY_UISupportedInterfaceOrientations_iPad = "UIInterfaceOrientationPortrait UIInterfaceOrientationPortraitUpsideDown UIInterfaceOrientationLandscapeLeft UIInterfaceOrientationLandscapeRight";
				INFOPLIST_KEY_UISupportedInterfaceOrientations_iPhone = "UIInterfaceOrientationPortrait UIInterfaceOrientationLandscapeLeft UIInterfaceOrientationLandscapeRight";
				IPHONEOS_DEPLOYMENT_TARGET = 14.0;
				LD_RUNPATH_SEARCH_PATHS = (
					"$(inherited)",
					"@executable_path/Frameworks",
				);
				MARKETING_VERSION = 1.0;
				PRODUCT_BUNDLE_IDENTIFIER = "jca.Coordinators-SwiftUI";
				PRODUCT_NAME = "$(TARGET_NAME)";
				SWIFT_EMIT_LOC_STRINGS = YES;
				SWIFT_VERSION = 5.0;
				TARGETED_DEVICE_FAMILY = "1,2";
			};
			name = Debug;
		};
		5E98E318270079C30051628A /* Release */ = {
			isa = XCBuildConfiguration;
			buildSettings = {
				ASSETCATALOG_COMPILER_APPICON_NAME = AppIcon;
				ASSETCATALOG_COMPILER_GLOBAL_ACCENT_COLOR_NAME = AccentColor;
				CODE_SIGN_STYLE = Automatic;
				CURRENT_PROJECT_VERSION = 1;
				DEVELOPMENT_ASSET_PATHS = "\"Coordinators-SwiftUI/Preview Content\"";
				DEVELOPMENT_TEAM = 7ZPDPWR8XU;
				ENABLE_PREVIEWS = YES;
				GENERATE_INFOPLIST_FILE = YES;
				INFOPLIST_KEY_UIApplicationSceneManifest_Generation = YES;
				INFOPLIST_KEY_UIApplicationSupportsIndirectInputEvents = YES;
				INFOPLIST_KEY_UILaunchScreen_Generation = YES;
				INFOPLIST_KEY_UISupportedInterfaceOrientations_iPad = "UIInterfaceOrientationPortrait UIInterfaceOrientationPortraitUpsideDown UIInterfaceOrientationLandscapeLeft UIInterfaceOrientationLandscapeRight";
				INFOPLIST_KEY_UISupportedInterfaceOrientations_iPhone = "UIInterfaceOrientationPortrait UIInterfaceOrientationLandscapeLeft UIInterfaceOrientationLandscapeRight";
				IPHONEOS_DEPLOYMENT_TARGET = 14.0;
				LD_RUNPATH_SEARCH_PATHS = (
					"$(inherited)",
					"@executable_path/Frameworks",
				);
				MARKETING_VERSION = 1.0;
				PRODUCT_BUNDLE_IDENTIFIER = "jca.Coordinators-SwiftUI";
				PRODUCT_NAME = "$(TARGET_NAME)";
				SWIFT_EMIT_LOC_STRINGS = YES;
				SWIFT_VERSION = 5.0;
				TARGETED_DEVICE_FAMILY = "1,2";
			};
			name = Release;
		};
/* End XCBuildConfiguration section */

/* Begin XCConfigurationList section */
		5E98E303270079BE0051628A /* Build configuration list for PBXProject "Coordinators-SwiftUI" */ = {
			isa = XCConfigurationList;
			buildConfigurations = (
				5E98E314270079C30051628A /* Debug */,
				5E98E315270079C30051628A /* Release */,
			);
			defaultConfigurationIsVisible = 0;
			defaultConfigurationName = Release;
		};
		5E98E316270079C30051628A /* Build configuration list for PBXNativeTarget "Coordinators-SwiftUI" */ = {
			isa = XCConfigurationList;
			buildConfigurations = (
				5E98E317270079C30051628A /* Debug */,
				5E98E318270079C30051628A /* Release */,
			);
			defaultConfigurationIsVisible = 0;
			defaultConfigurationName = Release;
		};
/* End XCConfigurationList section */
	};
	rootObject = 5E98E300270079BE0051628A /* Project object */;
}
